{
    "_meta": {
        "hash": {
            "sha256": "0443309dfab69174d3a48b9d6cf1bce971c3638dbf0ccf20328b63cc8bf0a490"
        },
        "pipfile-spec": 6,
        "requires": {
            "python_version": "2"
        },
        "sources": [
            {
                "name": "pypi",
                "url": "https://pypi.python.org/simple",
                "verify_ssl": true
            }
        ]
    },
    "default": {},
    "develop": {}
}
